# This file is automatically @generated by Cargo.
# It is not intended for manual editing.
version = 3

[[package]]
name = "anyhow"
version = "1.0.52"
source = "registry+https://github.com/rust-lang/crates.io-index"
checksum = "84450d0b4a8bd1ba4144ce8ce718fbc5d071358b1e5384bace6536b3d1f2d5b3"

[[package]]
name = "itoa"
version = "1.0.1"
source = "registry+https://github.com/rust-lang/crates.io-index"
checksum = "1aab8fc367588b89dcee83ab0fd66b72b50b72fa1904d7095045ace2b0c81c35"

[[package]]
name = "json-pp-rust"
version = "0.1.1"
dependencies = [
 "anyhow",
 "serde",
 "serde_json",
]

[[package]]
name = "ryu"
version = "1.0.9"
source = "registry+https://github.com/rust-lang/crates.io-index"
checksum = "73b4b750c782965c211b42f022f59af1fbceabdd026623714f104152f1ec149f"

[[package]]
name = "serde"
version = "1.0.134"
source = "registry+https://github.com/rust-lang/crates.io-index"
checksum = "96b3c34c1690edf8174f5b289a336ab03f568a4460d8c6df75f2f3a692b3bc6a"

[[package]]
name = "serde_json"
version = "1.0.75"
source = "registry+https://github.com/rust-lang/crates.io-index"
checksum = "c059c05b48c5c0067d4b4b2b4f0732dd65feb52daf7e0ea09cd87e7dadc1af79"
dependencies = [
 "itoa",
 "ryu",
 "serde",
]
